
Microsoft Visual Studio Solution File, Format Version 12.00
Project("{FAE04EC0-301F-11D3-BF4B-00C04F79EFBC}") = "Ibdal.Api", "Ibdal.Api\Ibdal.Api.csproj", "{73EB4E18-EECE-4B82-AB6B-F1CF7A64ECDD}"
EndProject
Project("{FAE04EC0-301F-11D3-BF4B-00C04F79EFBC}") = "Ibdal.Models", "Ibdal.Models\Ibdal.Models.csproj", "{8804B49C-97C8-4E74-865C-582B33530F67}"
EndProject
Global
	GlobalSection(SolutionConfigurationPlatforms) = preSolution
		Debug|Any CPU = Debug|Any CPU
		Release|Any CPU = Release|Any CPU
	EndGlobalSection
	GlobalSection(ProjectConfigurationPlatforms) = postSolution
		{73EB4E18-EECE-4B82-AB6B-F1CF7A64ECDD}.Debug|Any CPU.ActiveCfg = Debug|Any CPU
		{73EB4E18-EECE-4B82-AB6B-F1CF7A64ECDD}.Debug|Any CPU.Build.0 = Debug|Any CPU
		{73EB4E18-EECE-4B82-AB6B-F1CF7A64ECDD}.Release|Any CPU.ActiveCfg = Release|Any CPU
		{73EB4E18-EECE-4B82-AB6B-F1CF7A64ECDD}.Release|Any CPU.Build.0 = Release|Any CPU
		{8804B49C-97C8-4E74-865C-582B33530F67}.Debug|Any CPU.ActiveCfg = Debug|Any CPU
		{8804B49C-97C8-4E74-865C-582B33530F67}.Debug|Any CPU.Build.0 = Debug|Any CPU
		{8804B49C-97C8-4E74-865C-582B33530F67}.Release|Any CPU.ActiveCfg = Release|Any CPU
		{8804B49C-97C8-4E74-865C-582B33530F67}.Release|Any CPU.Build.0 = Release|Any CPU
	EndGlobalSection
EndGlobal
